
Microsoft Visual Studio Solution File, Format Version 12.00
# Visual Studio Version 16
VisualStudioVersion = 16.0.30413.136
MinimumVisualStudioVersion = 10.0.40219.1
Project("{FAE04EC0-301F-11D3-BF4B-00C04F79EFBC}") = "NiceBlockBot", "NiceBlockBot\NiceBlockBot.csproj", "{699949DC-4B04-4A5C-AE6E-0AC2CAD810BC}"
EndProject
Global
	GlobalSection(SolutionConfigurationPlatforms) = preSolution
		Debug|Any CPU = Debug|Any CPU
		Release|Any CPU = Release|Any CPU
	EndGlobalSection
	GlobalSection(ProjectConfigurationPlatforms) = postSolution
		{699949DC-4B04-4A5C-AE6E-0AC2CAD810BC}.Debug|Any CPU.ActiveCfg = Debug|Any CPU
		{699949DC-4B04-4A5C-AE6E-0AC2CAD810BC}.Debug|Any CPU.Build.0 = Debug|Any CPU
		{699949DC-4B04-4A5C-AE6E-0AC2CAD810BC}.Release|Any CPU.ActiveCfg = Release|Any CPU
		{699949DC-4B04-4A5C-AE6E-0AC2CAD810BC}.Release|Any CPU.Build.0 = Release|Any CPU
	EndGlobalSection
	GlobalSection(SolutionProperties) = preSolution
		HideSolutionNode = FALSE
	EndGlobalSection
	GlobalSection(ExtensibilityGlobals) = postSolution
		SolutionGuid = {C2DBFB59-8337-4EE7-A007-332563314441}
	EndGlobalSection
EndGlobal
